
Microsoft Visual Studio Solution File, Format Version 12.00
# Visual Studio Version 17
VisualStudioVersion = 17.13.35919.96
MinimumVisualStudioVersion = 10.0.40219.1
Project("{2150E333-8FDC-42A3-9474-1A3956D46DE8}") = "Backend", "Backend", "{02EA681E-C7D8-13C7-8484-4AC65E1B71E8}"
EndProject
Project("{2150E333-8FDC-42A3-9474-1A3956D46DE8}") = "Shared", "Shared", "{E7493D71-B843-469A-B210-AD0F1BB79B39}"
EndProject
Project("{FAE04EC0-301F-11D3-BF4B-00C04F79EFBC}") = "MyRecipeBook.Api", "..\Backend\MyRecipeBook.Api\MyRecipeBook.Api.csproj", "{49EF90AF-5906-4912-9EB1-156D884EF12F}"
EndProject
Project("{FAE04EC0-301F-11D3-BF4B-00C04F79EFBC}") = "MyRecipeBook.Application", "..\Backend\MyRecipeBook.Application\MyRecipeBook.Application.csproj", "{80A171E2-AA92-4A1B-956B-C7CA9628F21F}"
EndProject
Project("{FAE04EC0-301F-11D3-BF4B-00C04F79EFBC}") = "MyRecipeBook.Infrastructure", "..\Backend\MyRecipeBook.Infrastructure\MyRecipeBook.Infrastructure.csproj", "{469110F1-63CF-4BA2-A66A-C6B6C9B6B965}"
EndProject
Project("{FAE04EC0-301F-11D3-BF4B-00C04F79EFBC}") = "MyRecipeBook.Domain", "..\Backend\MyRecipeBook.Domain\MyRecipeBook.Domain.csproj", "{F5028AA5-06A3-46AF-A4D4-136C3C3F2692}"
EndProject
Project("{FAE04EC0-301F-11D3-BF4B-00C04F79EFBC}") = "MyRecipeBook.Communication", "..\Shared\MyRecipeBook.Communication\MyRecipeBook.Communication.csproj", "{E725213F-73AE-48D1-A035-458E22F53F73}"
EndProject
Global
	GlobalSection(SolutionConfigurationPlatforms) = preSolution
		Debug|Any CPU = Debug|Any CPU
		Release|Any CPU = Release|Any CPU
	EndGlobalSection
	GlobalSection(ProjectConfigurationPlatforms) = postSolution
		{49EF90AF-5906-4912-9EB1-156D884EF12F}.Debug|Any CPU.ActiveCfg = Debug|Any CPU
		{49EF90AF-5906-4912-9EB1-156D884EF12F}.Debug|Any CPU.Build.0 = Debug|Any CPU
		{49EF90AF-5906-4912-9EB1-156D884EF12F}.Release|Any CPU.ActiveCfg = Release|Any CPU
		{49EF90AF-5906-4912-9EB1-156D884EF12F}.Release|Any CPU.Build.0 = Release|Any CPU
		{80A171E2-AA92-4A1B-956B-C7CA9628F21F}.Debug|Any CPU.ActiveCfg = Debug|Any CPU
		{80A171E2-AA92-4A1B-956B-C7CA9628F21F}.Debug|Any CPU.Build.0 = Debug|Any CPU
		{80A171E2-AA92-4A1B-956B-C7CA9628F21F}.Release|Any CPU.ActiveCfg = Release|Any CPU
		{80A171E2-AA92-4A1B-956B-C7CA9628F21F}.Release|Any CPU.Build.0 = Release|Any CPU
		{469110F1-63CF-4BA2-A66A-C6B6C9B6B965}.Debug|Any CPU.ActiveCfg = Debug|Any CPU
		{469110F1-63CF-4BA2-A66A-C6B6C9B6B965}.Debug|Any CPU.Build.0 = Debug|Any CPU
		{469110F1-63CF-4BA2-A66A-C6B6C9B6B965}.Release|Any CPU.ActiveCfg = Release|Any CPU
		{469110F1-63CF-4BA2-A66A-C6B6C9B6B965}.Release|Any CPU.Build.0 = Release|Any CPU
		{F5028AA5-06A3-46AF-A4D4-136C3C3F2692}.Debug|Any CPU.ActiveCfg = Debug|Any CPU
		{F5028AA5-06A3-46AF-A4D4-136C3C3F2692}.Debug|Any CPU.Build.0 = Debug|Any CPU
		{F5028AA5-06A3-46AF-A4D4-136C3C3F2692}.Release|Any CPU.ActiveCfg = Release|Any CPU
		{F5028AA5-06A3-46AF-A4D4-136C3C3F2692}.Release|Any CPU.Build.0 = Release|Any CPU
		{E725213F-73AE-48D1-A035-458E22F53F73}.Debug|Any CPU.ActiveCfg = Debug|Any CPU
		{E725213F-73AE-48D1-A035-458E22F53F73}.Debug|Any CPU.Build.0 = Debug|Any CPU
		{E725213F-73AE-48D1-A035-458E22F53F73}.Release|Any CPU.ActiveCfg = Release|Any CPU
		{E725213F-73AE-48D1-A035-458E22F53F73}.Release|Any CPU.Build.0 = Release|Any CPU
	EndGlobalSection
	GlobalSection(SolutionProperties) = preSolution
		HideSolutionNode = FALSE
	EndGlobalSection
	GlobalSection(NestedProjects) = preSolution
		{49EF90AF-5906-4912-9EB1-156D884EF12F} = {02EA681E-C7D8-13C7-8484-4AC65E1B71E8}
		{80A171E2-AA92-4A1B-956B-C7CA9628F21F} = {02EA681E-C7D8-13C7-8484-4AC65E1B71E8}
		{469110F1-63CF-4BA2-A66A-C6B6C9B6B965} = {02EA681E-C7D8-13C7-8484-4AC65E1B71E8}
		{F5028AA5-06A3-46AF-A4D4-136C3C3F2692} = {02EA681E-C7D8-13C7-8484-4AC65E1B71E8}
		{E725213F-73AE-48D1-A035-458E22F53F73} = {E7493D71-B843-469A-B210-AD0F1BB79B39}
	EndGlobalSection
	GlobalSection(ExtensibilityGlobals) = postSolution
		SolutionGuid = {0FD7BF02-C65E-44AE-8881-01C19ED6E6E6}
	EndGlobalSection
EndGlobal
